
Microsoft Visual Studio Solution File, Format Version 11.00
# Visual Studio 2010
Project("{FAE04EC0-301F-11D3-BF4B-00C04F79EFBC}") = "Assembly-CSharp", "Assembly-CSharp.csproj", "{21219a81-a854-9aac-10be-3b45e42c0b6d}"
EndProject
Project("{FAE04EC0-301F-11D3-BF4B-00C04F79EFBC}") = "Assembly-CSharp-firstpass", "Assembly-CSharp-firstpass.csproj", "{800603d5-40cd-5ed1-7c5a-304a24b244d7}"
EndProject
Project("{FAE04EC0-301F-11D3-BF4B-00C04F79EFBC}") = "UniRx", "UniRx.csproj", "{4769b129-4a0d-7e2e-4880-f68600a38212}"
EndProject
Project("{FAE04EC0-301F-11D3-BF4B-00C04F79EFBC}") = "Assembly-CSharp-Editor", "Assembly-CSharp-Editor.csproj", "{99082342-d035-c6cf-cdb1-9ad4627fb8a4}"
EndProject
Global
	GlobalSection(SolutionConfigurationPlatforms) = preSolution
		Debug|Any CPU = Debug|Any CPU
	EndGlobalSection
	GlobalSection(ProjectConfigurationPlatforms) = postSolution
		{21219a81-a854-9aac-10be-3b45e42c0b6d}.Debug|Any CPU.ActiveCfg = Debug|Any CPU
		{21219a81-a854-9aac-10be-3b45e42c0b6d}.Debug|Any CPU.Build.0 = Debug|Any CPU
		{800603d5-40cd-5ed1-7c5a-304a24b244d7}.Debug|Any CPU.ActiveCfg = Debug|Any CPU
		{800603d5-40cd-5ed1-7c5a-304a24b244d7}.Debug|Any CPU.Build.0 = Debug|Any CPU
		{4769b129-4a0d-7e2e-4880-f68600a38212}.Debug|Any CPU.ActiveCfg = Debug|Any CPU
		{4769b129-4a0d-7e2e-4880-f68600a38212}.Debug|Any CPU.Build.0 = Debug|Any CPU
		{99082342-d035-c6cf-cdb1-9ad4627fb8a4}.Debug|Any CPU.ActiveCfg = Debug|Any CPU
		{99082342-d035-c6cf-cdb1-9ad4627fb8a4}.Debug|Any CPU.Build.0 = Debug|Any CPU
	EndGlobalSection
	GlobalSection(SolutionProperties) = preSolution
		HideSolutionNode = FALSE
	EndGlobalSection
EndGlobal
